
Microsoft Visual Studio Solution File, Format Version 12.00
# Visual Studio Version 17
VisualStudioVersion = 17.5.33530.505
MinimumVisualStudioVersion = 10.0.40219.1
Project("{9A19103F-16F7-4668-BE54-9A1E7A4F7556}") = "crud", "crud\crud.csproj", "{DFD3B50A-26F2-470D-90E9-8307CED8DA32}"
EndProject
Global
	GlobalSection(SolutionConfigurationPlatforms) = preSolution
		Debug|Any CPU = Debug|Any CPU
		Release|Any CPU = Release|Any CPU
	EndGlobalSection
	GlobalSection(ProjectConfigurationPlatforms) = postSolution
		{DFD3B50A-26F2-470D-90E9-8307CED8DA32}.Debug|Any CPU.ActiveCfg = Debug|Any CPU
		{DFD3B50A-26F2-470D-90E9-8307CED8DA32}.Debug|Any CPU.Build.0 = Debug|Any CPU
		{DFD3B50A-26F2-470D-90E9-8307CED8DA32}.Release|Any CPU.ActiveCfg = Release|Any CPU
		{DFD3B50A-26F2-470D-90E9-8307CED8DA32}.Release|Any CPU.Build.0 = Release|Any CPU
	EndGlobalSection
	GlobalSection(SolutionProperties) = preSolution
		HideSolutionNode = FALSE
	EndGlobalSection
	GlobalSection(ExtensibilityGlobals) = postSolution
		SolutionGuid = {8220E1FA-DCD3-4997-8D0F-CD51BBB45D60}
	EndGlobalSection
EndGlobal
